
Microsoft Visual Studio Solution File, Format Version 12.00
# Visual Studio Version 16
VisualStudioVersion = 16.0.29306.81
MinimumVisualStudioVersion = 10.0.40219.1
Project("{FAE04EC0-301F-11D3-BF4B-00C04F79EFBC}") = "markoGalavićRichTextBox", "markoGalavićRichTextBox\markoGalavićRichTextBox.csproj", "{ACC0E06E-94D2-46FC-B297-1D91E8C5BAB7}"
EndProject
Global
	GlobalSection(SolutionConfigurationPlatforms) = preSolution
		Debug|Any CPU = Debug|Any CPU
		Release|Any CPU = Release|Any CPU
	EndGlobalSection
	GlobalSection(ProjectConfigurationPlatforms) = postSolution
		{ACC0E06E-94D2-46FC-B297-1D91E8C5BAB7}.Debug|Any CPU.ActiveCfg = Debug|Any CPU
		{ACC0E06E-94D2-46FC-B297-1D91E8C5BAB7}.Debug|Any CPU.Build.0 = Debug|Any CPU
		{ACC0E06E-94D2-46FC-B297-1D91E8C5BAB7}.Release|Any CPU.ActiveCfg = Release|Any CPU
		{ACC0E06E-94D2-46FC-B297-1D91E8C5BAB7}.Release|Any CPU.Build.0 = Release|Any CPU
	EndGlobalSection
	GlobalSection(SolutionProperties) = preSolution
		HideSolutionNode = FALSE
	EndGlobalSection
	GlobalSection(ExtensibilityGlobals) = postSolution
		SolutionGuid = {023F75F1-2440-421D-B763-D80FDE2F9936}
	EndGlobalSection
EndGlobal
