
Microsoft Visual Studio Solution File, Format Version 12.00
# Visual Studio Version 16
VisualStudioVersion = 16.0.29306.81
MinimumVisualStudioVersion = 10.0.40219.1
Project("{FAE04EC0-301F-11D3-BF4B-00C04F79EFBC}") = "markoGalavićRadioButon", "markoGalavićRadioButon\markoGalavićRadioButon.csproj", "{8D5B9AB7-9853-4891-9548-3AC6C3B7236A}"
EndProject
Global
	GlobalSection(SolutionConfigurationPlatforms) = preSolution
		Debug|Any CPU = Debug|Any CPU
		Release|Any CPU = Release|Any CPU
	EndGlobalSection
	GlobalSection(ProjectConfigurationPlatforms) = postSolution
		{8D5B9AB7-9853-4891-9548-3AC6C3B7236A}.Debug|Any CPU.ActiveCfg = Debug|Any CPU
		{8D5B9AB7-9853-4891-9548-3AC6C3B7236A}.Debug|Any CPU.Build.0 = Debug|Any CPU
		{8D5B9AB7-9853-4891-9548-3AC6C3B7236A}.Release|Any CPU.ActiveCfg = Release|Any CPU
		{8D5B9AB7-9853-4891-9548-3AC6C3B7236A}.Release|Any CPU.Build.0 = Release|Any CPU
	EndGlobalSection
	GlobalSection(SolutionProperties) = preSolution
		HideSolutionNode = FALSE
	EndGlobalSection
	GlobalSection(ExtensibilityGlobals) = postSolution
		SolutionGuid = {C8FA2076-FA4C-4B60-97F8-C01C59A4AC29}
	EndGlobalSection
EndGlobal
